// !$*UTF8*$!
{
	archiveVersion = 1;
	classes = {
	};
	objectVersion = 50;
	objects = {

/* Begin PBXBuildFile section */
		C1B7F0B42219BAA900A83BAC /* AppDelegate.swift in Sources */ = {isa = PBXBuildFile; fileRef = C1B7F0B32219BAA900A83BAC /* AppDelegate.swift */; };
		C1B7F0B62219BAA900A83BAC /* ViewController.swift in Sources */ = {isa = PBXBuildFile; fileRef = C1B7F0B52219BAA900A83BAC /* ViewController.swift */; };
		C1B7F0B92219BAA900A83BAC /* Main.storyboard in Resources */ = {isa = PBXBuildFile; fileRef = C1B7F0B72219BAA900A83BAC /* Main.storyboard */; };
		C1B7F0BB2219BAAA00A83BAC /* Assets.xcassets in Resources */ = {isa = PBXBuildFile; fileRef = C1B7F0BA2219BAAA00A83BAC /* Assets.xcassets */; };
		C1B7F0BE2219BAAA00A83BAC /* LaunchScreen.storyboard in Resources */ = {isa = PBXBuildFile; fileRef = C1B7F0BC2219BAAA00A83BAC /* LaunchScreen.storyboard */; };
		C1B7F0C92219BAAA00A83BAC /* ios_testTests.swift in Sources */ = {isa = PBXBuildFile; fileRef = C1B7F0C82219BAAA00A83BAC /* ios_testTests.swift */; };
		C1B7F0D42219BAAA00A83BAC /* ios_testUITests.swift in Sources */ = {isa = PBXBuildFile; fileRef = C1B7F0D32219BAAA00A83BAC /* ios_testUITests.swift */; };
/* End PBXBuildFile section */

/* Begin PBXContainerItemProxy section */
		C1B7F0C52219BAAA00A83BAC /* PBXContainerItemProxy */ = {
			isa = PBXContainerItemProxy;
			containerPortal = C1B7F0A82219BAA900A83BAC /* Project object */;
			proxyType = 1;
			remoteGlobalIDString = C1B7F0AF2219BAA900A83BAC;
			remoteInfo = ios_test;
		};
		C1B7F0D02219BAAA00A83BAC /* PBXContainerItemProxy */ = {
			isa = PBXContainerItemProxy;
			containerPortal = C1B7F0A82219BAA900A83BAC /* Project object */;
			proxyType = 1;
			remoteGlobalIDString = C1B7F0AF2219BAA900A83BAC;
			remoteInfo = ios_test;
		};
/* End PBXContainerItemProxy section */

/* Begin PBXFileReference section */
		C1B7F0B02219BAA900A83BAC /* ios_test.app */ = {isa = PBXFileReference; explicitFileType = wrapper.application; includeInIndex = 0; path = ios_test.app; sourceTree = BUILT_PRODUCTS_DIR; };
		C1B7F0B32219BAA900A83BAC /* AppDelegate.swift */ = {isa = PBXFileReference; lastKnownFileType = sourcecode.swift; path = AppDelegate.swift; sourceTree = "<group>"; };
		C1B7F0B52219BAA900A83BAC /* ViewController.swift */ = {isa = PBXFileReference; lastKnownFileType = sourcecode.swift; path = ViewController.swift; sourceTree = "<group>"; };
		C1B7F0B82219BAA900A83BAC /* Base */ = {isa = PBXFileReference; lastKnownFileType = file.storyboard; name = Base; path = Base.lproj/Main.storyboard; sourceTree = "<group>"; };
		C1B7F0BA2219BAAA00A83BAC /* Assets.xcassets */ = {isa = PBXFileReference; lastKnownFileType = folder.assetcatalog; path = Assets.xcassets; sourceTree = "<group>"; };
		C1B7F0BD2219BAAA00A83BAC /* Base */ = {isa = PBXFileReference; lastKnownFileType = file.storyboard; name = Base; path = Base.lproj/LaunchScreen.storyboard; sourceTree = "<group>"; };
		C1B7F0BF2219BAAA00A83BAC /* Info.plist */ = {isa = PBXFileReference; lastKnownFileType = text.plist.xml; path = Info.plist; sourceTree = "<group>"; };
		C1B7F0C42219BAAA00A83BAC /* ios_testTests.xctest */ = {isa = PBXFileReference; explicitFileType = wrapper.cfbundle; includeInIndex = 0; path = ios_testTests.xctest; sourceTree = BUILT_PRODUCTS_DIR; };
		C1B7F0C82219BAAA00A83BAC /* ios_testTests.swift */ = {isa = PBXFileReference; lastKnownFileType = sourcecode.swift; path = ios_testTests.swift; sourceTree = "<group>"; };
		C1B7F0CA2219BAAA00A83BAC /* Info.plist */ = {isa = PBXFileReference; lastKnownFileType = text.plist.xml; path = Info.plist; sourceTree = "<group>"; };
		C1B7F0CF2219BAAA00A83BAC /* ios_testUITests.xctest */ = {isa = PBXFileReference; explicitFileType = wrapper.cfbundle; includeInIndex = 0; path = ios_testUITests.xctest; sourceTree = BUILT_PRODUCTS_DIR; };
		C1B7F0D32219BAAA00A83BAC /* ios_testUITests.swift */ = {isa = PBXFileReference; lastKnownFileType = sourcecode.swift; path = ios_testUITests.swift; sourceTree = "<group>"; };
		C1B7F0D52219BAAA00A83BAC /* Info.plist */ = {isa = PBXFileReference; lastKnownFileType = text.plist.xml; path = Info.plist; sourceTree = "<group>"; };
/* End PBXFileReference section */

/* Begin PBXFrameworksBuildPhase section */
		C1B7F0AD2219BAA900A83BAC /* Frameworks */ = {
			isa = PBXFrameworksBuildPhase;
			buildActionMask = 2147483647;
			files = (
			);
			runOnlyForDeploymentPostprocessing = 0;
		};
		C1B7F0C12219BAAA00A83BAC /* Frameworks */ = {
			isa = PBXFrameworksBuildPhase;
			buildActionMask = 2147483647;
			files = (
			);
			runOnlyForDeploymentPostprocessing = 0;
		};
		C1B7F0CC2219BAAA00A83BAC /* Frameworks */ = {
			isa = PBXFrameworksBuildPhase;
			buildActionMask = 2147483647;
			files = (
			);
			runOnlyForDeploymentPostprocessing = 0;
		};
/* End PBXFrameworksBuildPhase section */

/* Begin PBXGroup section */
		C1B7F0A72219BAA900A83BAC = {
			isa = PBXGroup;
			children = (
				C1B7F0B22219BAA900A83BAC /* ios_test */,
				C1B7F0C72219BAAA00A83BAC /* ios_testTests */,
				C1B7F0D22219BAAA00A83BAC /* ios_testUITests */,
				C1B7F0B12219BAA900A83BAC /* Products */,
			);
			sourceTree = "<group>";
		};
		C1B7F0B12219BAA900A83BAC /* Products */ = {
			isa = PBXGroup;
			children = (
				C1B7F0B02219BAA900A83BAC /* ios_test.app */,
				C1B7F0C42219BAAA00A83BAC /* ios_testTests.xctest */,
				C1B7F0CF2219BAAA00A83BAC /* ios_testUITests.xctest */,
			);
			name = Products;
			sourceTree = "<group>";
		};
		C1B7F0B22219BAA900A83BAC /* ios_test */ = {
			isa = PBXGroup;
			children = (
				C1B7F0B32219BAA900A83BAC /* AppDelegate.swift */,
				C1B7F0B52219BAA900A83BAC /* ViewController.swift */,
				C1B7F0B72219BAA900A83BAC /* Main.storyboard */,
				C1B7F0BA2219BAAA00A83BAC /* Assets.xcassets */,
				C1B7F0BC2219BAAA00A83BAC /* LaunchScreen.storyboard */,
				C1B7F0BF2219BAAA00A83BAC /* Info.plist */,
			);
			path = ios_test;
			sourceTree = "<group>";
		};
		C1B7F0C72219BAAA00A83BAC /* ios_testTests */ = {
			isa = PBXGroup;
			children = (
				C1B7F0C82219BAAA00A83BAC /* ios_testTests.swift */,
				C1B7F0CA2219BAAA00A83BAC /* Info.plist */,
			);
			path = ios_testTests;
			sourceTree = "<group>";
		};
		C1B7F0D22219BAAA00A83BAC /* ios_testUITests */ = {
			isa = PBXGroup;
			children = (
				C1B7F0D32219BAAA00A83BAC /* ios_testUITests.swift */,
				C1B7F0D52219BAAA00A83BAC /* Info.plist */,
			);
			path = ios_testUITests;
			sourceTree = "<group>";
		};
/* End PBXGroup section */

/* Begin PBXNativeTarget section */
		C1B7F0AF2219BAA900A83BAC /* ios_test */ = {
			isa = PBXNativeTarget;
			buildConfigurationList = C1B7F0D82219BAAA00A83BAC /* Build configuration list for PBXNativeTarget "ios_test" */;
			buildPhases = (
				C1B7F0AC2219BAA900A83BAC /* Sources */,
				C1B7F0AD2219BAA900A83BAC /* Frameworks */,
				C1B7F0AE2219BAA900A83BAC /* Resources */,
			);
			buildRules = (
			);
			dependencies = (
			);
			name = ios_test;
			productName = ios_test;
			productReference = C1B7F0B02219BAA900A83BAC /* ios_test.app */;
			productType = "com.apple.product-type.application";
		};
		C1B7F0C32219BAAA00A83BAC /* ios_testTests */ = {
			isa = PBXNativeTarget;
			buildConfigurationList = C1B7F0DB2219BAAA00A83BAC /* Build configuration list for PBXNativeTarget "ios_testTests" */;
			buildPhases = (
				C1B7F0C02219BAAA00A83BAC /* Sources */,
				C1B7F0C12219BAAA00A83BAC /* Frameworks */,
				C1B7F0C22219BAAA00A83BAC /* Resources */,
			);
			buildRules = (
			);
			dependencies = (
				C1B7F0C62219BAAA00A83BAC /* PBXTargetDependency */,
			);
			name = ios_testTests;
			productName = ios_testTests;
			productReference = C1B7F0C42219BAAA00A83BAC /* ios_testTests.xctest */;
			productType = "com.apple.product-type.bundle.unit-test";
		};
		C1B7F0CE2219BAAA00A83BAC /* ios_testUITests */ = {
			isa = PBXNativeTarget;
			buildConfigurationList = C1B7F0DE2219BAAA00A83BAC /* Build configuration list for PBXNativeTarget "ios_testUITests" */;
			buildPhases = (
				C1B7F0CB2219BAAA00A83BAC /* Sources */,
				C1B7F0CC2219BAAA00A83BAC /* Frameworks */,
				C1B7F0CD2219BAAA00A83BAC /* Resources */,
			);
			buildRules = (
			);
			dependencies = (
				C1B7F0D12219BAAA00A83BAC /* PBXTargetDependency */,
			);
			name = ios_testUITests;
			productName = ios_testUITests;
			productReference = C1B7F0CF2219BAAA00A83BAC /* ios_testUITests.xctest */;
			productType = "com.apple.product-type.bundle.ui-testing";
		};
/* End PBXNativeTarget section */

/* Begin PBXProject section */
		C1B7F0A82219BAA900A83BAC /* Project object */ = {
			isa = PBXProject;
			attributes = {
				LastSwiftUpdateCheck = 1010;
				LastUpgradeCheck = 1010;
				ORGANIZATIONNAME = lucas.flores;
				TargetAttributes = {
					C1B7F0AF2219BAA900A83BAC = {
						CreatedOnToolsVersion = 10.1;
					};
					C1B7F0C32219BAAA00A83BAC = {
						CreatedOnToolsVersion = 10.1;
						TestTargetID = C1B7F0AF2219BAA900A83BAC;
					};
					C1B7F0CE2219BAAA00A83BAC = {
						CreatedOnToolsVersion = 10.1;
						TestTargetID = C1B7F0AF2219BAA900A83BAC;
					};
				};
			};
			buildConfigurationList = C1B7F0AB2219BAA900A83BAC /* Build configuration list for PBXProject "ios_test" */;
			compatibilityVersion = "Xcode 9.3";
			developmentRegion = en;
			hasScannedForEncodings = 0;
			knownRegions = (
				en,
				Base,
			);
			mainGroup = C1B7F0A72219BAA900A83BAC;
			productRefGroup = C1B7F0B12219BAA900A83BAC /* Products */;
			projectDirPath = "";
			projectRoot = "";
			targets = (
				C1B7F0AF2219BAA900A83BAC /* ios_test */,
				C1B7F0C32219BAAA00A83BAC /* ios_testTests */,
				C1B7F0CE2219BAAA00A83BAC /* ios_testUITests */,
			);
		};
/* End PBXProject section */

/* Begin PBXResourcesBuildPhase section */
		C1B7F0AE2219BAA900A83BAC /* Resources */ = {
			isa = PBXResourcesBuildPhase;
			buildActionMask = 2147483647;
			files = (
				C1B7F0BE2219BAAA00A83BAC /* LaunchScreen.storyboard in Resources */,
				C1B7F0BB2219BAAA00A83BAC /* Assets.xcassets in Resources */,
				C1B7F0B92219BAA900A83BAC /* Main.storyboard in Resources */,
			);
			runOnlyForDeploymentPostprocessing = 0;
		};
		C1B7F0C22219BAAA00A83BAC /* Resources */ = {
			isa = PBXResourcesBuildPhase;
			buildActionMask = 2147483647;
			files = (
			);
			runOnlyForDeploymentPostprocessing = 0;
		};
		C1B7F0CD2219BAAA00A83BAC /* Resources */ = {
			isa = PBXResourcesBuildPhase;
			buildActionMask = 2147483647;
			files = (
			);
			runOnlyForDeploymentPostprocessing = 0;
		};
/* End PBXResourcesBuildPhase section */

/* Begin PBXSourcesBuildPhase section */
		C1B7F0AC2219BAA900A83BAC /* Sources */ = {
			isa = PBXSourcesBuildPhase;
			buildActionMask = 2147483647;
			files = (
				C1B7F0B62219BAA900A83BAC /* ViewController.swift in Sources */,
				C1B7F0B42219BAA900A83BAC /* AppDelegate.swift in Sources */,
			);
			runOnlyForDeploymentPostprocessing = 0;
		};
		C1B7F0C02219BAAA00A83BAC /* Sources */ = {
			isa = PBXSourcesBuildPhase;
			buildActionMask = 2147483647;
			files = (
				C1B7F0C92219BAAA00A83BAC /* ios_testTests.swift in Sources */,
			);
			runOnlyForDeploymentPostprocessing = 0;
		};
		C1B7F0CB2219BAAA00A83BAC /* Sources */ = {
			isa = PBXSourcesBuildPhase;
			buildActionMask = 2147483647;
			files = (
				C1B7F0D42219BAAA00A83BAC /* ios_testUITests.swift in Sources */,
			);
			runOnlyForDeploymentPostprocessing = 0;
		};
/* End PBXSourcesBuildPhase section */

/* Begin PBXTargetDependency section */
		C1B7F0C62219BAAA00A83BAC /* PBXTargetDependency */ = {
			isa = PBXTargetDependency;
			target = C1B7F0AF2219BAA900A83BAC /* ios_test */;
			targetProxy = C1B7F0C52219BAAA00A83BAC /* PBXContainerItemProxy */;
		};
		C1B7F0D12219BAAA00A83BAC /* PBXTargetDependency */ = {
			isa = PBXTargetDependency;
			target = C1B7F0AF2219BAA900A83BAC /* ios_test */;
			targetProxy = C1B7F0D02219BAAA00A83BAC /* PBXContainerItemProxy */;
		};
/* End PBXTargetDependency section */

/* Begin PBXVariantGroup section */
		C1B7F0B72219BAA900A83BAC /* Main.storyboard */ = {
			isa = PBXVariantGroup;
			children = (
				C1B7F0B82219BAA900A83BAC /* Base */,
			);
			name = Main.storyboard;
			sourceTree = "<group>";
		};
		C1B7F0BC2219BAAA00A83BAC /* LaunchScreen.storyboard */ = {
			isa = PBXVariantGroup;
			children = (
				C1B7F0BD2219BAAA00A83BAC /* Base */,
			);
			name = LaunchScreen.storyboard;
			sourceTree = "<group>";
		};
/* End PBXVariantGroup section */

/* Begin XCBuildConfiguration section */
		C1B7F0D62219BAAA00A83BAC /* Debug */ = {
			isa = XCBuildConfiguration;
			buildSettings = {
				ALWAYS_SEARCH_USER_PATHS = NO;
				CLANG_ANALYZER_NONNULL = YES;
				CLANG_ANALYZER_NUMBER_OBJECT_CONVERSION = YES_AGGRESSIVE;
				CLANG_CXX_LANGUAGE_STANDARD = "gnu++14";
				CLANG_CXX_LIBRARY = "libc++";
				CLANG_ENABLE_MODULES = YES;
				CLANG_ENABLE_OBJC_ARC = YES;
				CLANG_ENABLE_OBJC_WEAK = YES;
				CLANG_WARN_BLOCK_CAPTURE_AUTORELEASING = YES;
				CLANG_WARN_BOOL_CONVERSION = YES;
				CLANG_WARN_COMMA = YES;
				CLANG_WARN_CONSTANT_CONVERSION = YES;
				CLANG_WARN_DEPRECATED_OBJC_IMPLEMENTATIONS = YES;
				CLANG_WARN_DIRECT_OBJC_ISA_USAGE = YES_ERROR;
				CLANG_WARN_DOCUMENTATION_COMMENTS = YES;
				CLANG_WARN_EMPTY_BODY = YES;
				CLANG_WARN_ENUM_CONVERSION = YES;
				CLANG_WARN_INFINITE_RECURSION = YES;
				CLANG_WARN_INT_CONVERSION = YES;
				CLANG_WARN_NON_LITERAL_NULL_CONVERSION = YES;
				CLANG_WARN_OBJC_IMPLICIT_RETAIN_SELF = YES;
				CLANG_WARN_OBJC_LITERAL_CONVERSION = YES;
				CLANG_WARN_OBJC_ROOT_CLASS = YES_ERROR;
				CLANG_WARN_RANGE_LOOP_ANALYSIS = YES;
				CLANG_WARN_STRICT_PROTOTYPES = YES;
				CLANG_WARN_SUSPICIOUS_MOVE = YES;
				CLANG_WARN_UNGUARDED_AVAILABILITY = YES_AGGRESSIVE;
				CLANG_WARN_UNREACHABLE_CODE = YES;
				CLANG_WARN__DUPLICATE_METHOD_MATCH = YES;
				CODE_SIGN_IDENTITY = "iPhone Developer";
				COPY_PHASE_STRIP = NO;
				DEBUG_INFORMATION_FORMAT = dwarf;
				ENABLE_STRICT_OBJC_MSGSEND = YES;
				ENABLE_TESTABILITY = YES;
				GCC_C_LANGUAGE_STANDARD = gnu11;
				GCC_DYNAMIC_NO_PIC = NO;
				GCC_NO_COMMON_BLOCKS = YES;
				GCC_OPTIMIZATION_LEVEL = 0;
				GCC_PREPROCESSOR_DEFINITIONS = (
					"DEBUG=1",
					"$(inherited)",
				);
				GCC_WARN_64_TO_32_BIT_CONVERSION = YES;
				GCC_WARN_ABOUT_RETURN_TYPE = YES_ERROR;
				GCC_WARN_UNDECLARED_SELECTOR = YES;
				GCC_WARN_UNINITIALIZED_AUTOS = YES_AGGRESSIVE;
				GCC_WARN_UNUSED_FUNCTION = YES;
				GCC_WARN_UNUSED_VARIABLE = YES;
				IPHONEOS_DEPLOYMENT_TARGET = 12.1;
				MTL_ENABLE_DEBUG_INFO = INCLUDE_SOURCE;
				MTL_FAST_MATH = YES;
				ONLY_ACTIVE_ARCH = YES;
				SDKROOT = iphoneos;
				SWIFT_ACTIVE_COMPILATION_CONDITIONS = DEBUG;
				SWIFT_OPTIMIZATION_LEVEL = "-Onone";
			};
			name = Debug;
		};
		C1B7F0D72219BAAA00A83BAC /* Release */ = {
			isa = XCBuildConfiguration;
			buildSettings = {
				ALWAYS_SEARCH_USER_PATHS = NO;
				CLANG_ANALYZER_NONNULL = YES;
				CLANG_ANALYZER_NUMBER_OBJECT_CONVERSION = YES_AGGRESSIVE;
				CLANG_CXX_LANGUAGE_STANDARD = "gnu++14";
				CLANG_CXX_LIBRARY = "libc++";
				CLANG_ENABLE_MODULES = YES;
				CLANG_ENABLE_OBJC_ARC = YES;
				CLANG_ENABLE_OBJC_WEAK = YES;
				CLANG_WARN_BLOCK_CAPTURE_AUTORELEASING = YES;
				CLANG_WARN_BOOL_CONVERSION = YES;
				CLANG_WARN_COMMA = YES;
				CLANG_WARN_CONSTANT_CONVERSION = YES;
				CLANG_WARN_DEPRECATED_OBJC_IMPLEMENTATIONS = YES;
				CLANG_WARN_DIRECT_OBJC_ISA_USAGE = YES_ERROR;
				CLANG_WARN_DOCUMENTATION_COMMENTS = YES;
				CLANG_WARN_EMPTY_BODY = YES;
				CLANG_WARN_ENUM_CONVERSION = YES;
				CLANG_WARN_INFINITE_RECURSION = YES;
				CLANG_WARN_INT_CONVERSION = YES;
				CLANG_WARN_NON_LITERAL_NULL_CONVERSION = YES;
				CLANG_WARN_OBJC_IMPLICIT_RETAIN_SELF = YES;
				CLANG_WARN_OBJC_LITERAL_CONVERSION = YES;
				CLANG_WARN_OBJC_ROOT_CLASS = YES_ERROR;
				CLANG_WARN_RANGE_LOOP_ANALYSIS = YES;
				CLANG_WARN_STRICT_PROTOTYPES = YES;
				CLANG_WARN_SUSPICIOUS_MOVE = YES;
				CLANG_WARN_UNGUARDED_AVAILABILITY = YES_AGGRESSIVE;
				CLANG_WARN_UNREACHABLE_CODE = YES;
				CLANG_WARN__DUPLICATE_METHOD_MATCH = YES;
				CODE_SIGN_IDENTITY = "iPhone Developer";
				COPY_PHASE_STRIP = NO;
				DEBUG_INFORMATION_FORMAT = "dwarf-with-dsym";
				ENABLE_NS_ASSERTIONS = NO;
				ENABLE_STRICT_OBJC_MSGSEND = YES;
				GCC_C_LANGUAGE_STANDARD = gnu11;
				GCC_NO_COMMON_BLOCKS = YES;
				GCC_WARN_64_TO_32_BIT_CONVERSION = YES;
				GCC_WARN_ABOUT_RETURN_TYPE = YES_ERROR;
				GCC_WARN_UNDECLARED_SELECTOR = YES;
				GCC_WARN_UNINITIALIZED_AUTOS = YES_AGGRESSIVE;
				GCC_WARN_UNUSED_FUNCTION = YES;
				GCC_WARN_UNUSED_VARIABLE = YES;
				IPHONEOS_DEPLOYMENT_TARGET = 12.1;
				MTL_ENABLE_DEBUG_INFO = NO;
				MTL_FAST_MATH = YES;
				SDKROOT = iphoneos;
				SWIFT_COMPILATION_MODE = wholemodule;
				SWIFT_OPTIMIZATION_LEVEL = "-O";
				VALIDATE_PRODUCT = YES;
			};
			name = Release;
		};
		C1B7F0D92219BAAA00A83BAC /* Debug */ = {
			isa = XCBuildConfiguration;
			buildSettings = {
				ASSETCATALOG_COMPILER_APPICON_NAME = AppIcon;
				CODE_SIGN_STYLE = Automatic;
				DEVELOPMENT_TEAM = HVKWA5XE2J;
				INFOPLIST_FILE = ios_test/Info.plist;
				LD_RUNPATH_SEARCH_PATHS = (
					"$(inherited)",
					"@executable_path/Frameworks",
				);
				PRODUCT_BUNDLE_IDENTIFIER = "lucas.flores.ios-test";
				PRODUCT_NAME = "$(TARGET_NAME)";
				SWIFT_VERSION = 4.2;
				TARGETED_DEVICE_FAMILY = "1,2";
			};
			name = Debug;
		};
		C1B7F0DA2219BAAA00A83BAC /* Release */ = {
			isa = XCBuildConfiguration;
			buildSettings = {
				ASSETCATALOG_COMPILER_APPICON_NAME = AppIcon;
				CODE_SIGN_STYLE = Automatic;
				DEVELOPMENT_TEAM = HVKWA5XE2J;
				INFOPLIST_FILE = ios_test/Info.plist;
				LD_RUNPATH_SEARCH_PATHS = (
					"$(inherited)",
					"@executable_path/Frameworks",
				);
				PRODUCT_BUNDLE_IDENTIFIER = "lucas.flores.ios-test";
				PRODUCT_NAME = "$(TARGET_NAME)";
				SWIFT_VERSION = 4.2;
				TARGETED_DEVICE_FAMILY = "1,2";
			};
			name = Release;
		};
		C1B7F0DC2219BAAA00A83BAC /* Debug */ = {
			isa = XCBuildConfiguration;
			buildSettings = {
				ALWAYS_EMBED_SWIFT_STANDARD_LIBRARIES = YES;
				BUNDLE_LOADER = "$(TEST_HOST)";
				CODE_SIGN_STYLE = Automatic;
				DEVELOPMENT_TEAM = HVKWA5XE2J;
				INFOPLIST_FILE = ios_testTests/Info.plist;
				LD_RUNPATH_SEARCH_PATHS = (
					"$(inherited)",
					"@executable_path/Frameworks",
					"@loader_path/Frameworks",
				);
				PRODUCT_BUNDLE_IDENTIFIER = "lucas.flores.ios-testTests";
				PRODUCT_NAME = "$(TARGET_NAME)";
				SWIFT_VERSION = 4.2;
				TARGETED_DEVICE_FAMILY = "1,2";
				TEST_HOST = "$(BUILT_PRODUCTS_DIR)/ios_test.app/ios_test";
			};
			name = Debug;
		};
		C1B7F0DD2219BAAA00A83BAC /* Release */ = {
			isa = XCBuildConfiguration;
			buildSettings = {
				ALWAYS_EMBED_SWIFT_STANDARD_LIBRARIES = YES;
				BUNDLE_LOADER = "$(TEST_HOST)";
				CODE_SIGN_STYLE = Automatic;
				DEVELOPMENT_TEAM = HVKWA5XE2J;
				INFOPLIST_FILE = ios_testTests/Info.plist;
				LD_RUNPATH_SEARCH_PATHS = (
					"$(inherited)",
					"@executable_path/Frameworks",
					"@loader_path/Frameworks",
				);
				PRODUCT_BUNDLE_IDENTIFIER = "lucas.flores.ios-testTests";
				PRODUCT_NAME = "$(TARGET_NAME)";
				SWIFT_VERSION = 4.2;
				TARGETED_DEVICE_FAMILY = "1,2";
				TEST_HOST = "$(BUILT_PRODUCTS_DIR)/ios_test.app/ios_test";
			};
			name = Release;
		};
		C1B7F0DF2219BAAA00A83BAC /* Debug */ = {
			isa = XCBuildConfiguration;
			buildSettings = {
				ALWAYS_EMBED_SWIFT_STANDARD_LIBRARIES = YES;
				CODE_SIGN_STYLE = Automatic;
				DEVELOPMENT_TEAM = HVKWA5XE2J;
				INFOPLIST_FILE = ios_testUITests/Info.plist;
				LD_RUNPATH_SEARCH_PATHS = (
					"$(inherited)",
					"@executable_path/Frameworks",
					"@loader_path/Frameworks",
				);
				PRODUCT_BUNDLE_IDENTIFIER = "lucas.flores.ios-testUITests";
				PRODUCT_NAME = "$(TARGET_NAME)";
				SWIFT_VERSION = 4.2;
				TARGETED_DEVICE_FAMILY = "1,2";
				TEST_TARGET_NAME = ios_test;
			};
			name = Debug;
		};
		C1B7F0E02219BAAA00A83BAC /* Release */ = {
			isa = XCBuildConfiguration;
			buildSettings = {
				ALWAYS_EMBED_SWIFT_STANDARD_LIBRARIES = YES;
				CODE_SIGN_STYLE = Automatic;
				DEVELOPMENT_TEAM = HVKWA5XE2J;
				INFOPLIST_FILE = ios_testUITests/Info.plist;
				LD_RUNPATH_SEARCH_PATHS = (
					"$(inherited)",
					"@executable_path/Frameworks",
					"@loader_path/Frameworks",
				);
				PRODUCT_BUNDLE_IDENTIFIER = "lucas.flores.ios-testUITests";
				PRODUCT_NAME = "$(TARGET_NAME)";
				SWIFT_VERSION = 4.2;
				TARGETED_DEVICE_FAMILY = "1,2";
				TEST_TARGET_NAME = ios_test;
			};
			name = Release;
		};
/* End XCBuildConfiguration section */

/* Begin XCConfigurationList section */
		C1B7F0AB2219BAA900A83BAC /* Build configuration list for PBXProject "ios_test" */ = {
			isa = XCConfigurationList;
			buildConfigurations = (
				C1B7F0D62219BAAA00A83BAC /* Debug */,
				C1B7F0D72219BAAA00A83BAC /* Release */,
			);
			defaultConfigurationIsVisible = 0;
			defaultConfigurationName = Release;
		};
		C1B7F0D82219BAAA00A83BAC /* Build configuration list for PBXNativeTarget "ios_test" */ = {
			isa = XCConfigurationList;
			buildConfigurations = (
				C1B7F0D92219BAAA00A83BAC /* Debug */,
				C1B7F0DA2219BAAA00A83BAC /* Release */,
			);
			defaultConfigurationIsVisible = 0;
			defaultConfigurationName = Release;
		};
		C1B7F0DB2219BAAA00A83BAC /* Build configuration list for PBXNativeTarget "ios_testTests" */ = {
			isa = XCConfigurationList;
			buildConfigurations = (
				C1B7F0DC2219BAAA00A83BAC /* Debug */,
				C1B7F0DD2219BAAA00A83BAC /* Release */,
			);
			defaultConfigurationIsVisible = 0;
			defaultConfigurationName = Release;
		};
		C1B7F0DE2219BAAA00A83BAC /* Build configuration list for PBXNativeTarget "ios_testUITests" */ = {
			isa = XCConfigurationList;
			buildConfigurations = (
				C1B7F0DF2219BAAA00A83BAC /* Debug */,
				C1B7F0E02219BAAA00A83BAC /* Release */,
			);
			defaultConfigurationIsVisible = 0;
			defaultConfigurationName = Release;
		};
/* End XCConfigurationList section */
	};
	rootObject = C1B7F0A82219BAA900A83BAC /* Project object */;
}
